{"1.2.0",
[{<<"basho_stats">>,
  {git,"https://github.com/OpenRiak/basho_stats.git",
       {ref,"189e194515f50dc00989d1cc8fe7ae440ffc0f03"}},
  2},
 {<<"bitcask">>,
  {git,"https://github.com/OpenRiak/bitcask.git",
       {ref,"8c12bc5e920846ff01f72cb2d115483b8825181d"}},
  1},
 {<<"canola">>,
  {git,"https://github.com/OpenRiak/canola",
       {ref,"5603a336cc5b2736730ae84946fa9170ce05ca4c"}},
  1},
 {<<"clique">>,
  {git,"https://github.com/OpenRiak/clique.git",
       {ref,"90d72664ea7e7550403d44f3f03204839194eb93"}},
  2},
 {<<"cluster_info">>,
  {git,"https://github.com/OpenRiak/cluster_info.git",
       {ref,"605991c54396de8d79db2dce3dd5bcb99a941a4b"}},
  2},
 {<<"cowboy">>,{pkg,<<"cowboy">>,<<"2.12.0">>},0},
 {<<"cowlib">>,{pkg,<<"cowlib">>,<<"2.13.0">>},1},
 {<<"cuttlefish">>,
  {git,"https://github.com/OpenRiak/cuttlefish.git",
       {ref,"3d66fbdc6f1fe4fa551a86b25d28e8eb31e34122"}},
  3},
 {<<"eleveldb">>,
  {git,"https://github.com/OpenRiak/eleveldb.git",
       {ref,"cd6b813950e6c635daee51f397b88411dbbd8608"}},
  2},
 {<<"eqwalizer_support">>,
  {git_subdir,"https://github.com/OpenRiak/eqwalizer.git",
              {ref,"759af3c1ab1062bcafbc4a528634f958d85a69f0"},
              "eqwalizer_support"},
  2},
 {<<"exometer_core">>,
  {git,"https://github.com/OpenRiak/exometer_core.git",
       {ref,"85db7687a3e43e6a451bf0778860a547caa2faa0"}},
  2},
 {<<"ezstd">>,
  {git,"https://github.com/OpenRiak/zstd-erlang",
       {ref,"c55be8e288949ab19067c0aa9f7d098fd4119468"}},
  3},
 {<<"getopt">>,
  {git,"https://github.com/OpenRiak/getopt.git",
       {ref,"7beaebb83f0118284e32177b734d72a7a6ce4ed1"}},
  4},
 {<<"hut">>,
  {git,"https://github.com/OpenRiak/hut.git",
       {ref,"d1e1b4851f4efd1e7b45fdfe4b9a7d089c032442"}},
  3},
 {<<"ibrowse">>,
  {git,"https://github.com/OpenRiak/ibrowse.git",
       {ref,"3fd17dd33c474800a4d02ad4e5ae9d4db45e0335"}},
  2},
 {<<"jsx">>,{pkg,<<"jsx">>,<<"3.1.0">>},0},
 {<<"kv_index_tictactree">>,
  {git,"https://github.com/OpenRiak/kv_index_tictactree.git",
       {ref,"c534c9f915edda6d8d1d35d9f965b18aab18ed15"}},
  1},
 {<<"leveled">>,
  {git,"https://github.com/OpenRiak/leveled.git",
       {ref,"c5122b9b0be9edd32acd4a1f8c3ac12a8aabeb59"}},
  2},
 {<<"lz4">>,
  {git,"https://github.com/OpenRiak/erlang-lz4",
       {ref,"29d286efa361b3338846aa2113d142d993cc6138"}},
  3},
 {<<"mochiweb">>,
  {git,"https://github.com/OpenRiak/mochiweb.git",
       {ref,"b5ffed149b27174bb9b28644ae2cf2892837341e"}},
  2},
 {<<"parse_trans">>,
  {git,"https://github.com/OpenRiak/parse_trans.git",
       {ref,"160498e19878fd383fac25e72b8565dee3aeffa7"}},
  3},
 {<<"pbkdf2">>,
  {git,"https://github.com/OpenRiak/erlang-pbkdf2.git",
       {ref,"901468ec21f8f256c7cdf78a2de41d76b26753b2"}},
  2},
 {<<"poolboy">>,
  {git,"https://github.com/OpenRiak/poolboy.git",
       {ref,"05648efcb96a58cafdeadeb4072cb6c3ada0ac66"}},
  2},
 {<<"ranch">>,{pkg,<<"ranch">>,<<"1.8.0">>},1},
 {<<"recon">>,
  {git,"https://github.com/OpenRiak/recon",
       {ref,"36590aa24784d13f4ae967e5715249c82956e95a"}},
  1},
 {<<"redbug">>,
  {git,"https://github.com/OpenRiak/redbug",
       {ref,"838ff3bdfa05cb2974b512a5cffc8d730b45cc44"}},
  1},
 {<<"rhc">>,
  {git,"https://github.com/OpenRiak/riak-erlang-http-client",
       {ref,"4123962bea52240afed6a8f48cf87a3ada30363c"}},
  1},
 {<<"riak_api">>,
  {git,"https://github.com/OpenRiak/riak_api.git",
       {ref,"87e8b88248b2e7e586b1f5bc003f51080b8c6a69"}},
  1},
 {<<"riak_auth_mods">>,
  {git,"https://github.com/OpenRiak/riak_auth_mods",
       {ref,"bd867256b10dca3831241b2b46a54a6627b52b51"}},
  0},
 {<<"riak_core">>,
  {git,"https://github.com/OpenRiak/riak_core.git",
       {ref,"35958f66579e4611a3817ab009adeb707cc12e4f"}},
  1},
 {<<"riak_dt">>,
  {git,"https://github.com/OpenRiak/riak_dt.git",
       {ref,"72b9bce98623a15a4d5dec73fd5be17de73a55b7"}},
  1},
 {<<"riak_kv">>,
  {git,"https://github.com/OpenRiak/riak_kv",
       {ref,"222cdb88bc3dcd8f4ef08f93b0a7bc56e84d923f"}},
  0},
 {<<"riak_logger">>,
  {git,"https://github.com/OpenRiak/riak_logger",
       {ref,"7e48e4f693b49495f47016a7756c9b132869b082"}},
  0},
 {<<"riak_pb">>,
  {git,"https://github.com/OpenRiak/riak_pb.git",
       {ref,"5f6e994cd45db5bdb254a515babb48d38ead485a"}},
  1},
 {<<"riak_sysmon">>,
  {git,"https://github.com/OpenRiak/riak_sysmon.git",
       {ref,"5b8b5469781de784b82a471f27dbfc6296b89ca8"}},
  2},
 {<<"riakc">>,
  {git,"https://github.com/OpenRiak/riak-erlang-client",
       {ref,"69c8d51857cc5705f594143912264d32fe2b9a8a"}},
  2},
 {<<"setup">>,
  {git,"https://github.com/OpenRiak/setup.git",
       {ref,"76133196bfe9903f8b7914ce3a85d9cffff5dfc1"}},
  3},
 {<<"sext">>,
  {git,"https://github.com/OpenRiak/sext.git",
       {ref,"ab06f84bdd97eb9354553ab64270988b60e09ad6"}},
  1},
 {<<"sidejob">>,
  {git,"https://github.com/OpenRiak/sidejob.git",
       {ref,"3b247f5f8fb67d6b27bd0abed00a1135b416aaca"}},
  1},
 {<<"webmachine">>,
  {git,"https://github.com/OpenRiak/webmachine.git",
       {ref,"1a0c47adacc84fe1e3b28afb991b60832afae343"}},
  2}]}.
[
{pkg_hash,[
 {<<"cowboy">>, <<"F276D521A1FF88B2B9B4C54D0E753DA6C66DD7BE6C9FCA3D9418B561828A3731">>},
 {<<"cowlib">>, <<"DB8F7505D8332D98EF50A3EF34B34C1AFDDEC7506E4EE4DD4A3A266285D282CA">>},
 {<<"jsx">>, <<"D12516BAA0BB23A59BB35DCCAF02A1BD08243FCBB9EFE24F2D9D056CCFF71268">>},
 {<<"ranch">>, <<"8C7A100A139FD57F17327B6413E4167AC559FBC04CA7448E9BE9057311597A1D">>}]},
{pkg_hash_ext,[
 {<<"cowboy">>, <<"8A7ABE6D183372CEB21CAA2709BEC928AB2B72E18A3911AA1771639BEF82651E">>},
 {<<"cowlib">>, <<"E1E1284DC3FC030A64B1AD0D8382AE7E99DA46C3246B815318A4B848873800A4">>},
 {<<"jsx">>, <<"0C5CC8FDC11B53CC25CF65AC6705AD39E54ECC56D1C22E4ADB8F5A53FB9427F3">>},
 {<<"ranch">>, <<"49FBCFD3682FAB1F5D109351B61257676DA1A2FDBE295904176D5E521A2DDFE5">>}]}
].
